
Microsoft Visual Studio Solution File, Format Version 12.00
# Visual Studio Version 17
VisualStudioVersion = 17.14.36203.30 d17.14
MinimumVisualStudioVersion = 10.0.40219.1
Project("{FAE04EC0-301F-11D3-BF4B-00C04F79EFBC}") = "FAJARILLO_FINAL PROJECT", "FAJARILLO_FINAL PROJECT\FAJARILLO_FINAL PROJECT.csproj", "{65E13C0F-65FF-4428-808E-961259652BD9}"
EndProject
Global
	GlobalSection(SolutionConfigurationPlatforms) = preSolution
		Debug|Any CPU = Debug|Any CPU
		Release|Any CPU = Release|Any CPU
	EndGlobalSection
	GlobalSection(ProjectConfigurationPlatforms) = postSolution
		{65E13C0F-65FF-4428-808E-961259652BD9}.Debug|Any CPU.ActiveCfg = Debug|Any CPU
		{65E13C0F-65FF-4428-808E-961259652BD9}.Debug|Any CPU.Build.0 = Debug|Any CPU
		{65E13C0F-65FF-4428-808E-961259652BD9}.Release|Any CPU.ActiveCfg = Release|Any CPU
		{65E13C0F-65FF-4428-808E-961259652BD9}.Release|Any CPU.Build.0 = Release|Any CPU
	EndGlobalSection
	GlobalSection(SolutionProperties) = preSolution
		HideSolutionNode = FALSE
	EndGlobalSection
	GlobalSection(ExtensibilityGlobals) = postSolution
		SolutionGuid = {E7B11946-29A7-4A8D-8E98-AAEF368715F8}
	EndGlobalSection
EndGlobal
